Microsoft Visual Studio Solution File, Format Version 12.00
# Visual Studio 2012
Project("{FAE04EC0-301F-11D3-BF4B-00C04F79EFBC}") = "GizmosCSharp", "GizmosCSharp.csproj", "{B04345B2-2FAB-46C2-B57C-C19D4B0567FE}"
EndProject
Global
	GlobalSection(SolutionConfigurationPlatforms) = preSolution
	Debug|Any CPU = Debug|Any CPU
	ExportDebug|Any CPU = ExportDebug|Any CPU
	ExportRelease|Any CPU = ExportRelease|Any CPU
	EndGlobalSection
	GlobalSection(ProjectConfigurationPlatforms) = postSolution
		{B04345B2-2FAB-46C2-B57C-C19D4B0567FE}.Debug|Any CPU.ActiveCfg = Debug|Any CPU
		{B04345B2-2FAB-46C2-B57C-C19D4B0567FE}.Debug|Any CPU.Build.0 = Debug|Any CPU
		{B04345B2-2FAB-46C2-B57C-C19D4B0567FE}.ExportDebug|Any CPU.ActiveCfg = ExportDebug|Any CPU
		{B04345B2-2FAB-46C2-B57C-C19D4B0567FE}.ExportDebug|Any CPU.Build.0 = ExportDebug|Any CPU
		{B04345B2-2FAB-46C2-B57C-C19D4B0567FE}.ExportRelease|Any CPU.ActiveCfg = ExportRelease|Any CPU
		{B04345B2-2FAB-46C2-B57C-C19D4B0567FE}.ExportRelease|Any CPU.Build.0 = ExportRelease|Any CPU
	EndGlobalSection
EndGlobal
